
Microsoft Visual Studio Solution File, Format Version 12.00
# Visual Studio Version 17
VisualStudioVersion = 17.14.36511.14 d17.14
MinimumVisualStudioVersion = 10.0.40219.1
Project("{2150E333-8FDC-42A3-9474-1A3956D46DE8}") = "API", "API", "{02EA681E-C7D8-13C7-8484-4AC65E1B71E8}"
EndProject
Project("{FAE04EC0-301F-11D3-BF4B-00C04F79EFBC}") = "API", "API\API.csproj", "{BCAA173F-4BBD-49DB-99A3-2D38251102B1}"
	ProjectSection(ProjectDependencies) = postProject
		{94BB4D2D-F65E-460F-97F5-A9AEDCE31345} = {94BB4D2D-F65E-460F-97F5-A9AEDCE31345}
		{AD564B55-E5DA-48CA-8400-AFF4C685E471} = {AD564B55-E5DA-48CA-8400-AFF4C685E471}
		{DDA7E25E-3680-469A-93B8-1BE258CBCDBC} = {DDA7E25E-3680-469A-93B8-1BE258CBCDBC}
	EndProjectSection
EndProject
Project("{2150E333-8FDC-42A3-9474-1A3956D46DE8}") = "Application", "Application", "{0AFBD322-6846-4E48-A7E4-12F7F2F9DD52}"
EndProject
Project("{FAE04EC0-301F-11D3-BF4B-00C04F79EFBC}") = "Application", "Application\Application.csproj", "{DDA7E25E-3680-469A-93B8-1BE258CBCDBC}"
	ProjectSection(ProjectDependencies) = postProject
		{94BB4D2D-F65E-460F-97F5-A9AEDCE31345} = {94BB4D2D-F65E-460F-97F5-A9AEDCE31345}
	EndProjectSection
EndProject
Project("{2150E333-8FDC-42A3-9474-1A3956D46DE8}") = "Domain", "Domain", "{5797F273-3DE6-4801-BE15-1306663BA403}"
EndProject
Project("{FAE04EC0-301F-11D3-BF4B-00C04F79EFBC}") = "Domain", "Domain\Domain.csproj", "{94BB4D2D-F65E-460F-97F5-A9AEDCE31345}"
EndProject
Project("{2150E333-8FDC-42A3-9474-1A3956D46DE8}") = "Infrastructure", "Infrastructure", "{779D6379-8722-4478-BF57-568677AB93D6}"
EndProject
Project("{FAE04EC0-301F-11D3-BF4B-00C04F79EFBC}") = "Infrastructure", "Infrastructure\Infrastructure.csproj", "{AD564B55-E5DA-48CA-8400-AFF4C685E471}"
	ProjectSection(ProjectDependencies) = postProject
		{94BB4D2D-F65E-460F-97F5-A9AEDCE31345} = {94BB4D2D-F65E-460F-97F5-A9AEDCE31345}
		{DDA7E25E-3680-469A-93B8-1BE258CBCDBC} = {DDA7E25E-3680-469A-93B8-1BE258CBCDBC}
	EndProjectSection
EndProject
Project("{2150E333-8FDC-42A3-9474-1A3956D46DE8}") = "Test", "Test", "{30E70DF1-2EC5-46DB-9E7B-9FC9CE40D2EC}"
EndProject
Project("{FAE04EC0-301F-11D3-BF4B-00C04F79EFBC}") = "Test", "Test\Test.csproj", "{4EFF9E18-576C-4ADC-A2CF-1025686F04BC}"
EndProject
Global
	GlobalSection(SolutionConfigurationPlatforms) = preSolution
		Debug|Any CPU = Debug|Any CPU
		Release|Any CPU = Release|Any CPU
	EndGlobalSection
	GlobalSection(ProjectConfigurationPlatforms) = postSolution
		{BCAA173F-4BBD-49DB-99A3-2D38251102B1}.Debug|Any CPU.ActiveCfg = Debug|Any CPU
		{BCAA173F-4BBD-49DB-99A3-2D38251102B1}.Debug|Any CPU.Build.0 = Debug|Any CPU
		{BCAA173F-4BBD-49DB-99A3-2D38251102B1}.Release|Any CPU.ActiveCfg = Release|Any CPU
		{BCAA173F-4BBD-49DB-99A3-2D38251102B1}.Release|Any CPU.Build.0 = Release|Any CPU
		{DDA7E25E-3680-469A-93B8-1BE258CBCDBC}.Debug|Any CPU.ActiveCfg = Debug|Any CPU
		{DDA7E25E-3680-469A-93B8-1BE258CBCDBC}.Debug|Any CPU.Build.0 = Debug|Any CPU
		{DDA7E25E-3680-469A-93B8-1BE258CBCDBC}.Release|Any CPU.ActiveCfg = Release|Any CPU
		{DDA7E25E-3680-469A-93B8-1BE258CBCDBC}.Release|Any CPU.Build.0 = Release|Any CPU
		{94BB4D2D-F65E-460F-97F5-A9AEDCE31345}.Debug|Any CPU.ActiveCfg = Debug|Any CPU
		{94BB4D2D-F65E-460F-97F5-A9AEDCE31345}.Debug|Any CPU.Build.0 = Debug|Any CPU
		{94BB4D2D-F65E-460F-97F5-A9AEDCE31345}.Release|Any CPU.ActiveCfg = Release|Any CPU
		{94BB4D2D-F65E-460F-97F5-A9AEDCE31345}.Release|Any CPU.Build.0 = Release|Any CPU
		{AD564B55-E5DA-48CA-8400-AFF4C685E471}.Debug|Any CPU.ActiveCfg = Debug|Any CPU
		{AD564B55-E5DA-48CA-8400-AFF4C685E471}.Debug|Any CPU.Build.0 = Debug|Any CPU
		{AD564B55-E5DA-48CA-8400-AFF4C685E471}.Release|Any CPU.ActiveCfg = Release|Any CPU
		{AD564B55-E5DA-48CA-8400-AFF4C685E471}.Release|Any CPU.Build.0 = Release|Any CPU
		{4EFF9E18-576C-4ADC-A2CF-1025686F04BC}.Debug|Any CPU.ActiveCfg = Debug|Any CPU
		{4EFF9E18-576C-4ADC-A2CF-1025686F04BC}.Debug|Any CPU.Build.0 = Debug|Any CPU
		{4EFF9E18-576C-4ADC-A2CF-1025686F04BC}.Release|Any CPU.ActiveCfg = Release|Any CPU
		{4EFF9E18-576C-4ADC-A2CF-1025686F04BC}.Release|Any CPU.Build.0 = Release|Any CPU
	EndGlobalSection
	GlobalSection(SolutionProperties) = preSolution
		HideSolutionNode = FALSE
	EndGlobalSection
	GlobalSection(NestedProjects) = preSolution
		{BCAA173F-4BBD-49DB-99A3-2D38251102B1} = {02EA681E-C7D8-13C7-8484-4AC65E1B71E8}
		{DDA7E25E-3680-469A-93B8-1BE258CBCDBC} = {0AFBD322-6846-4E48-A7E4-12F7F2F9DD52}
		{94BB4D2D-F65E-460F-97F5-A9AEDCE31345} = {5797F273-3DE6-4801-BE15-1306663BA403}
		{AD564B55-E5DA-48CA-8400-AFF4C685E471} = {779D6379-8722-4478-BF57-568677AB93D6}
		{4EFF9E18-576C-4ADC-A2CF-1025686F04BC} = {30E70DF1-2EC5-46DB-9E7B-9FC9CE40D2EC}
	EndGlobalSection
	GlobalSection(ExtensibilityGlobals) = postSolution
		SolutionGuid = {E24FDD2F-1F27-4EA1-8A4A-69A489076A2E}
	EndGlobalSection
EndGlobal
